
Microsoft Visual Studio Solution File, Format Version 12.00
# Visual Studio Version 17
VisualStudioVersion = 17.13.35931.197
MinimumVisualStudioVersion = 10.0.40219.1
Project("{FAE04EC0-301F-11D3-BF4B-00C04F79EFBC}") = "DWT-REST-MAUI", "DWT-REST-MAUI\DWT-REST-MAUI.csproj", "{2062BCA1-BA4B-484F-8370-5A05B7A7CC0B}"
EndProject
Project("{FAE04EC0-301F-11D3-BF4B-00C04F79EFBC}") = "DynamicWebTWAIN.RestClient", "..\..\Workspaces\Products_DEV\DWT\REST\.NET\DynamicWebTWAIN.RestClient\RestClient\DynamicWebTWAIN.RestClient.csproj", "{18C30D5D-6FEC-DC5C-0416-6F52441C0375}"
EndProject
Project("{FAE04EC0-301F-11D3-BF4B-00C04F79EFBC}") = "Dynamsoft.WebViewer", "..\..\Workspaces\Products_DEV\DDV\.NET\DocumentViewer\Dynamsoft.WebViewer.csproj", "{032CDF15-27C7-DD79-5488-361F7E36DA28}"
EndProject
Global
	GlobalSection(SolutionConfigurationPlatforms) = preSolution
		Debug|Any CPU = Debug|Any CPU
		Debug|ARM64 = Debug|ARM64
		Release|Any CPU = Release|Any CPU
		Release|ARM64 = Release|ARM64
	EndGlobalSection
	GlobalSection(ProjectConfigurationPlatforms) = postSolution
		{2062BCA1-BA4B-484F-8370-5A05B7A7CC0B}.Debug|Any CPU.ActiveCfg = Debug|Any CPU
		{2062BCA1-BA4B-484F-8370-5A05B7A7CC0B}.Debug|Any CPU.Build.0 = Debug|Any CPU
		{2062BCA1-BA4B-484F-8370-5A05B7A7CC0B}.Debug|Any CPU.Deploy.0 = Debug|Any CPU
		{2062BCA1-BA4B-484F-8370-5A05B7A7CC0B}.Debug|ARM64.ActiveCfg = Release|ARM64
		{2062BCA1-BA4B-484F-8370-5A05B7A7CC0B}.Debug|ARM64.Build.0 = Release|ARM64
		{2062BCA1-BA4B-484F-8370-5A05B7A7CC0B}.Debug|ARM64.Deploy.0 = Release|ARM64
		{2062BCA1-BA4B-484F-8370-5A05B7A7CC0B}.Release|Any CPU.ActiveCfg = Release|Any CPU
		{2062BCA1-BA4B-484F-8370-5A05B7A7CC0B}.Release|Any CPU.Build.0 = Release|Any CPU
		{2062BCA1-BA4B-484F-8370-5A05B7A7CC0B}.Release|ARM64.ActiveCfg = Release|ARM64
		{2062BCA1-BA4B-484F-8370-5A05B7A7CC0B}.Release|ARM64.Build.0 = Release|ARM64
		{2062BCA1-BA4B-484F-8370-5A05B7A7CC0B}.Release|ARM64.Deploy.0 = Release|ARM64
		{18C30D5D-6FEC-DC5C-0416-6F52441C0375}.Debug|Any CPU.ActiveCfg = Debug|Any CPU
		{18C30D5D-6FEC-DC5C-0416-6F52441C0375}.Debug|Any CPU.Build.0 = Debug|Any CPU
		{18C30D5D-6FEC-DC5C-0416-6F52441C0375}.Debug|ARM64.ActiveCfg = Debug|Any CPU
		{18C30D5D-6FEC-DC5C-0416-6F52441C0375}.Debug|ARM64.Build.0 = Debug|Any CPU
		{18C30D5D-6FEC-DC5C-0416-6F52441C0375}.Release|Any CPU.ActiveCfg = Release|Any CPU
		{18C30D5D-6FEC-DC5C-0416-6F52441C0375}.Release|Any CPU.Build.0 = Release|Any CPU
		{18C30D5D-6FEC-DC5C-0416-6F52441C0375}.Release|ARM64.ActiveCfg = Release|Any CPU
		{18C30D5D-6FEC-DC5C-0416-6F52441C0375}.Release|ARM64.Build.0 = Release|Any CPU
		{032CDF15-27C7-DD79-5488-361F7E36DA28}.Debug|Any CPU.ActiveCfg = Debug|Any CPU
		{032CDF15-27C7-DD79-5488-361F7E36DA28}.Debug|Any CPU.Build.0 = Debug|Any CPU
		{032CDF15-27C7-DD79-5488-361F7E36DA28}.Debug|ARM64.ActiveCfg = Debug|Any CPU
		{032CDF15-27C7-DD79-5488-361F7E36DA28}.Debug|ARM64.Build.0 = Debug|Any CPU
		{032CDF15-27C7-DD79-5488-361F7E36DA28}.Release|Any CPU.ActiveCfg = Release|Any CPU
		{032CDF15-27C7-DD79-5488-361F7E36DA28}.Release|Any CPU.Build.0 = Release|Any CPU
		{032CDF15-27C7-DD79-5488-361F7E36DA28}.Release|ARM64.ActiveCfg = Release|Any CPU
		{032CDF15-27C7-DD79-5488-361F7E36DA28}.Release|ARM64.Build.0 = Release|Any CPU
	EndGlobalSection
	GlobalSection(SolutionProperties) = preSolution
		HideSolutionNode = FALSE
	EndGlobalSection
	GlobalSection(ExtensibilityGlobals) = postSolution
		SolutionGuid = {86DE2061-2D0E-46E8-8389-8FDAA0697295}
	EndGlobalSection
EndGlobal
